<?xml version="1.0" encoding="UTF-8" standalone="yes" ?>
<CodeBlocks_project_file>
	<FileVersion major="1" minor="6" />
	<Project>
		<Option title="TP_Integrador_2_v2" />
		<Option pch_mode="2" />
		<Option compiler="gcc" />
		<Build>
			<Target title="Debug">
				<Option output="bin/Debug/TP_Integrador_2_v2" prefix_auto="1" extension_auto="1" />
				<Option object_output="obj/Debug/" />
				<Option type="1" />
				<Option compiler="gcc" />
				<Compiler>
					<Add option="-g" />
					<Add directory="include" />
					<Add directory="include/socio" />
					<Add directory="include/libro" />
				</Compiler>
			</Target>
			<Target title="Release">
				<Option output="bin/Release/TP_Integrador_2_v2" prefix_auto="1" extension_auto="1" />
				<Option object_output="obj/Release/" />
				<Option type="1" />
				<Option compiler="gcc" />
				<Compiler>
					<Add option="-O2" />
					<Add directory="include" />
					<Add directory="include/socio" />
					<Add directory="include/libro" />
				</Compiler>
				<Linker>
					<Add option="-s" />
				</Linker>
			</Target>
		</Build>
		<Compiler>
			<Add option="-Wall" />
			<Add option="-fexceptions" />
		</Compiler>
		<Unit filename="include/Domicilio.h" />
		<Unit filename="include/Fecha.h" />
		<Unit filename="include/Funciones.h" />
		<Unit filename="include/MenuPrincipal.h" />
		<Unit filename="include/libro/ArchLibro.h" />
		<Unit filename="include/libro/FuncionesLibro.h" />
		<Unit filename="include/libro/Libro.h" />
		<Unit filename="include/libro/MenuLibro.h" />
		<Unit filename="include/socio/ArchSocio.h" />
		<Unit filename="include/socio/FuncionesSocio.h" />
		<Unit filename="include/socio/MenuSocio.h" />
		<Unit filename="include/socio/Socio.h" />
		<Unit filename="main.cpp" />
		<Unit filename="src/Domicilio.cpp" />
		<Unit filename="src/Fecha.cpp" />
		<Unit filename="src/Funciones.cpp" />
		<Unit filename="src/MenuPrincipal.cpp" />
		<Unit filename="src/libro/ArchLibro.cpp" />
		<Unit filename="src/libro/FuncionesLibro.cpp" />
		<Unit filename="src/libro/Libro.cpp" />
		<Unit filename="src/libro/MenuLibro.cpp" />
		<Unit filename="src/socio/ArchSocio.cpp" />
		<Unit filename="src/socio/FuncionesSocio.cpp" />
		<Unit filename="src/socio/MenuSocio.cpp" />
		<Unit filename="src/socio/Socio.cpp" />
		<Extensions>
			<lib_finder disable_auto="1" />
		</Extensions>
	</Project>
</CodeBlocks_project_file>
