<?xml version="1.0" encoding="UTF-8" standalone="yes" ?>
<CodeBlocks_project_file>
	<FileVersion major="1" minor="6" />
	<Project>
		<Option title="TP_Integrador_2_v2" />
		<Option pch_mode="2" />
		<Option compiler="gcc" />
		<Build>
			<Target title="Debug">
				<Option output="bin/Debug/TP_Integrador_2_v2" prefix_auto="1" extension_auto="1" />
				<Option object_output="obj/Debug/" />
				<Option type="1" />
				<Option compiler="gcc" />
				<Compiler>
					<Add option="-g" />
					<Add directory="include" />
					<Add directory="include/socio" />
					<Add directory="include/libro" />
					<Add directory="include/prestamo" />
					<Add directory="include/cuota" />
				</Compiler>
			</Target>
			<Target title="Release">
				<Option output="bin/Release/TP_Integrador_2_v2" prefix_auto="1" extension_auto="1" />
				<Option object_output="obj/Release/" />
				<Option type="1" />
				<Option compiler="gcc" />
				<Compiler>
					<Add option="-O2" />
					<Add directory="include" />
					<Add directory="include/socio" />
					<Add directory="include/libro" />
					<Add directory="include/prestamo" />
					<Add directory="include/cuota" />
				</Compiler>
				<Linker>
					<Add option="-s" />
				</Linker>
			</Target>
		</Build>
		<Compiler>
			<Add option="-Wall" />
			<Add option="-fexceptions" />
		</Compiler>
		<Unit filename="include/Domicilio.h" />
		<Unit filename="include/Funciones.h" />
		<Unit filename="include/MenuPrincipal.h" />
		<Unit filename="include/cuota/ArchCuota.h" />
		<Unit filename="include/cuota/Cuota.h" />
		<Unit filename="include/cuota/FuncionesCuota.h" />
		<Unit filename="include/cuota/MenuCuota.h" />
		<Unit filename="include/fecha.h" />
		<Unit filename="include/libro/ArchLibro.h" />
		<Unit filename="include/libro/FuncionesLibro.h" />
		<Unit filename="include/libro/Libro.h" />
		<Unit filename="include/libro/MenuLibro.h" />
		<Unit filename="include/prestamo/ArchPrestamo.h" />
		<Unit filename="include/prestamo/FuncionesPrestamo.h" />
		<Unit filename="include/prestamo/MenuPrestamo.h" />
		<Unit filename="include/prestamo/Prestamo.h" />
		<Unit filename="include/socio/ArchSocio.h" />
		<Unit filename="include/socio/FuncionesSocio.h" />
		<Unit filename="include/socio/MenuSocio.h" />
		<Unit filename="include/socio/socio.h" />
		<Unit filename="main.cpp" />
		<Unit filename="src/Domicilio.cpp" />
		<Unit filename="src/Fecha.cpp" />
		<Unit filename="src/Funciones.cpp" />
		<Unit filename="src/MenuPrincipal.cpp" />
		<Unit filename="src/cuota/ArchCuota.cpp" />
		<Unit filename="src/cuota/Cuota.cpp" />
		<Unit filename="src/cuota/FuncionesCuota.cpp" />
		<Unit filename="src/cuota/MenuCuota.cpp" />
		<Unit filename="src/libro/ArchLibro.cpp" />
		<Unit filename="src/libro/FuncionesLibro.cpp" />
		<Unit filename="src/libro/MenuLibro.cpp" />
		<Unit filename="src/libro/libro.cpp" />
		<Unit filename="src/prestamo/ArchPrestamo.cpp" />
		<Unit filename="src/prestamo/FuncionesPrestamo.cpp" />
		<Unit filename="src/prestamo/MenuPrestamo.cpp" />
		<Unit filename="src/prestamo/Prestamo.cpp" />
		<Unit filename="src/socio/ArchSocio.cpp" />
		<Unit filename="src/socio/FuncionesSocio.cpp" />
		<Unit filename="src/socio/MenuSocio.cpp" />
		<Unit filename="src/socio/Socio.cpp" />
		<Extensions>
			<lib_finder disable_auto="1" />
		</Extensions>
	</Project>
</CodeBlocks_project_file>
